
Microsoft Visual Studio Solution File, Format Version 12.00
# Visual Studio 2012
Project("{FAE04EC0-301F-11D3-BF4B-00C04F79EFBC}") = "TrueFitProjectTracker", "TrueFitProjectTracker\TrueFitProjectTracker.csproj", "{555E3A16-C02E-4013-9877-2B33A9A429D2}"
EndProject
Project("{2150E333-8FDC-42A3-9474-1A3956D46DE8}") = ".nuget", ".nuget", "{23F048CD-AA59-42D6-B77F-98E199AA089C}"
	ProjectSection(SolutionItems) = preProject
		.nuget\NuGet.Config = .nuget\NuGet.Config
		.nuget\NuGet.exe = .nuget\NuGet.exe
		.nuget\NuGet.targets = .nuget\NuGet.targets
	EndProjectSection
EndProject
Global
	GlobalSection(SolutionConfigurationPlatforms) = preSolution
		Debug|Any CPU = Debug|Any CPU
		Release|Any CPU = Release|Any CPU
	EndGlobalSection
	GlobalSection(ProjectConfigurationPlatforms) = postSolution
		{555E3A16-C02E-4013-9877-2B33A9A429D2}.Debug|Any CPU.ActiveCfg = Debug|Any CPU
		{555E3A16-C02E-4013-9877-2B33A9A429D2}.Debug|Any CPU.Build.0 = Debug|Any CPU
		{555E3A16-C02E-4013-9877-2B33A9A429D2}.Release|Any CPU.ActiveCfg = Release|Any CPU
		{555E3A16-C02E-4013-9877-2B33A9A429D2}.Release|Any CPU.Build.0 = Release|Any CPU
	EndGlobalSection
	GlobalSection(SolutionProperties) = preSolution
		HideSolutionNode = FALSE
	EndGlobalSection
EndGlobal
